
Microsoft Visual Studio Solution File, Format Version 12.00
# Visual Studio Version 16
VisualStudioVersion = 16.0.33214.272
MinimumVisualStudioVersion = 10.0.40219.1
Project("{9A19103F-16F7-4668-BE54-9A1E7A4F7556}") = "WebAPIServiceExample", "WebAPIServiceExample.csproj", "{011263EC-0371-4117-89CF-4753B0527AEA}"
EndProject
Global
	GlobalSection(SolutionConfigurationPlatforms) = preSolution
		Debug|Any CPU = Debug|Any CPU
		Release|Any CPU = Release|Any CPU
	EndGlobalSection
	GlobalSection(ProjectConfigurationPlatforms) = postSolution
		{011263EC-0371-4117-89CF-4753B0527AEA}.Debug|Any CPU.ActiveCfg = Debug|Any CPU
		{011263EC-0371-4117-89CF-4753B0527AEA}.Debug|Any CPU.Build.0 = Debug|Any CPU
		{011263EC-0371-4117-89CF-4753B0527AEA}.Release|Any CPU.ActiveCfg = Release|Any CPU
		{011263EC-0371-4117-89CF-4753B0527AEA}.Release|Any CPU.Build.0 = Release|Any CPU
	EndGlobalSection
	GlobalSection(SolutionProperties) = preSolution
		HideSolutionNode = FALSE
	EndGlobalSection
	GlobalSection(ExtensibilityGlobals) = postSolution
		SolutionGuid = {61C4D31D-0635-429F-BC2B-F112D12B3D20}
	EndGlobalSection
EndGlobal
